// !$*UTF8*$!
{
	archiveVersion = 1;
	classes = {
	};
	objectVersion = 56;
	objects = {

/* Begin PBXBuildFile section */
		CB63BE692B1CCC9E00705CE7 /* AppDelegate.swift in Sources */ = {isa = PBXBuildFile; fileRef = CB63BE682B1CCC9E00705CE7 /* AppDelegate.swift */; };
		CB63BE6B2B1CCC9E00705CE7 /* SceneDelegate.swift in Sources */ = {isa = PBXBuildFile; fileRef = CB63BE6A2B1CCC9E00705CE7 /* SceneDelegate.swift */; };
		CB63BE6D2B1CCC9E00705CE7 /* ViewController.swift in Sources */ = {isa = PBXBuildFile; fileRef = CB63BE6C2B1CCC9E00705CE7 /* ViewController.swift */; };
		CB63BE702B1CCC9E00705CE7 /* Main.storyboard in Resources */ = {isa = PBXBuildFile; fileRef = CB63BE6E2B1CCC9E00705CE7 /* Main.storyboard */; };
		CB63BE722B1CCCA000705CE7 /* Assets.xcassets in Resources */ = {isa = PBXBuildFile; fileRef = CB63BE712B1CCCA000705CE7 /* Assets.xcassets */; };
		CB63BE752B1CCCA000705CE7 /* LaunchScreen.storyboard in Resources */ = {isa = PBXBuildFile; fileRef = CB63BE732B1CCCA000705CE7 /* LaunchScreen.storyboard */; };
		CB63BE802B1CCCA000705CE7 /* Teach_SwiftTests.swift in Sources */ = {isa = PBXBuildFile; fileRef = CB63BE7F2B1CCCA000705CE7 /* Teach_SwiftTests.swift */; };
		CB63BE8A2B1CCCA100705CE7 /* Teach_SwiftUITests.swift in Sources */ = {isa = PBXBuildFile; fileRef = CB63BE892B1CCCA100705CE7 /* Teach_SwiftUITests.swift */; };
		CB63BE8C2B1CCCA100705CE7 /* Teach_SwiftUITestsLaunchTests.swift in Sources */ = {isa = PBXBuildFile; fileRef = CB63BE8B2B1CCCA100705CE7 /* Teach_SwiftUITestsLaunchTests.swift */; };
/* End PBXBuildFile section */

/* Begin PBXContainerItemProxy section */
		CB63BE7C2B1CCCA000705CE7 /* PBXContainerItemProxy */ = {
			isa = PBXContainerItemProxy;
			containerPortal = CB63BE5D2B1CCC9E00705CE7 /* Project object */;
			proxyType = 1;
			remoteGlobalIDString = CB63BE642B1CCC9E00705CE7;
			remoteInfo = "Teach Swift";
		};
		CB63BE862B1CCCA100705CE7 /* PBXContainerItemProxy */ = {
			isa = PBXContainerItemProxy;
			containerPortal = CB63BE5D2B1CCC9E00705CE7 /* Project object */;
			proxyType = 1;
			remoteGlobalIDString = CB63BE642B1CCC9E00705CE7;
			remoteInfo = "Teach Swift";
		};
/* End PBXContainerItemProxy section */

/* Begin PBXFileReference section */
		CB63BE652B1CCC9E00705CE7 /* Teach Swift.app */ = {isa = PBXFileReference; explicitFileType = wrapper.application; includeInIndex = 0; path = "Teach Swift.app"; sourceTree = BUILT_PRODUCTS_DIR; };
		CB63BE682B1CCC9E00705CE7 /* AppDelegate.swift */ = {isa = PBXFileReference; lastKnownFileType = sourcecode.swift; path = AppDelegate.swift; sourceTree = "<group>"; };
		CB63BE6A2B1CCC9E00705CE7 /* SceneDelegate.swift */ = {isa = PBXFileReference; lastKnownFileType = sourcecode.swift; path = SceneDelegate.swift; sourceTree = "<group>"; };
		CB63BE6C2B1CCC9E00705CE7 /* ViewController.swift */ = {isa = PBXFileReference; lastKnownFileType = sourcecode.swift; path = ViewController.swift; sourceTree = "<group>"; };
		CB63BE6F2B1CCC9E00705CE7 /* Base */ = {isa = PBXFileReference; lastKnownFileType = file.storyboard; name = Base; path = Base.lproj/Main.storyboard; sourceTree = "<group>"; };
		CB63BE712B1CCCA000705CE7 /* Assets.xcassets */ = {isa = PBXFileReference; lastKnownFileType = folder.assetcatalog; path = Assets.xcassets; sourceTree = "<group>"; };
		CB63BE742B1CCCA000705CE7 /* Base */ = {isa = PBXFileReference; lastKnownFileType = file.storyboard; name = Base; path = Base.lproj/LaunchScreen.storyboard; sourceTree = "<group>"; };
		CB63BE762B1CCCA000705CE7 /* Info.plist */ = {isa = PBXFileReference; lastKnownFileType = text.plist.xml; path = Info.plist; sourceTree = "<group>"; };
		CB63BE7B2B1CCCA000705CE7 /* Teach SwiftTests.xctest */ = {isa = PBXFileReference; explicitFileType = wrapper.cfbundle; includeInIndex = 0; path = "Teach SwiftTests.xctest"; sourceTree = BUILT_PRODUCTS_DIR; };
		CB63BE7F2B1CCCA000705CE7 /* Teach_SwiftTests.swift */ = {isa = PBXFileReference; lastKnownFileType = sourcecode.swift; path = Teach_SwiftTests.swift; sourceTree = "<group>"; };
		CB63BE852B1CCCA100705CE7 /* Teach SwiftUITests.xctest */ = {isa = PBXFileReference; explicitFileType = wrapper.cfbundle; includeInIndex = 0; path = "Teach SwiftUITests.xctest"; sourceTree = BUILT_PRODUCTS_DIR; };
		CB63BE892B1CCCA100705CE7 /* Teach_SwiftUITests.swift */ = {isa = PBXFileReference; lastKnownFileType = sourcecode.swift; path = Teach_SwiftUITests.swift; sourceTree = "<group>"; };
		CB63BE8B2B1CCCA100705CE7 /* Teach_SwiftUITestsLaunchTests.swift */ = {isa = PBXFileReference; lastKnownFileType = sourcecode.swift; path = Teach_SwiftUITestsLaunchTests.swift; sourceTree = "<group>"; };
/* End PBXFileReference section */

/* Begin PBXFrameworksBuildPhase section */
		CB63BE622B1CCC9E00705CE7 /* Frameworks */ = {
			isa = PBXFrameworksBuildPhase;
			buildActionMask = 2147483647;
			files = (
			);
			runOnlyForDeploymentPostprocessing = 0;
		};
		CB63BE782B1CCCA000705CE7 /* Frameworks */ = {
			isa = PBXFrameworksBuildPhase;
			buildActionMask = 2147483647;
			files = (
			);
			runOnlyForDeploymentPostprocessing = 0;
		};
		CB63BE822B1CCCA100705CE7 /* Frameworks */ = {
			isa = PBXFrameworksBuildPhase;
			buildActionMask = 2147483647;
			files = (
			);
			runOnlyForDeploymentPostprocessing = 0;
		};
/* End PBXFrameworksBuildPhase section */

/* Begin PBXGroup section */
		CB63BE5C2B1CCC9E00705CE7 = {
			isa = PBXGroup;
			children = (
				CB63BE672B1CCC9E00705CE7 /* Teach Swift */,
				CB63BE7E2B1CCCA000705CE7 /* Teach SwiftTests */,
				CB63BE882B1CCCA100705CE7 /* Teach SwiftUITests */,
				CB63BE662B1CCC9E00705CE7 /* Products */,
			);
			sourceTree = "<group>";
		};
		CB63BE662B1CCC9E00705CE7 /* Products */ = {
			isa = PBXGroup;
			children = (
				CB63BE652B1CCC9E00705CE7 /* Teach Swift.app */,
				CB63BE7B2B1CCCA000705CE7 /* Teach SwiftTests.xctest */,
				CB63BE852B1CCCA100705CE7 /* Teach SwiftUITests.xctest */,
			);
			name = Products;
			sourceTree = "<group>";
		};
		CB63BE672B1CCC9E00705CE7 /* Teach Swift */ = {
			isa = PBXGroup;
			children = (
				CB63BE682B1CCC9E00705CE7 /* AppDelegate.swift */,
				CB63BE6A2B1CCC9E00705CE7 /* SceneDelegate.swift */,
				CB63BE6C2B1CCC9E00705CE7 /* ViewController.swift */,
				CB63BE6E2B1CCC9E00705CE7 /* Main.storyboard */,
				CB63BE712B1CCCA000705CE7 /* Assets.xcassets */,
				CB63BE732B1CCCA000705CE7 /* LaunchScreen.storyboard */,
				CB63BE762B1CCCA000705CE7 /* Info.plist */,
			);
			path = "Teach Swift";
			sourceTree = "<group>";
		};
		CB63BE7E2B1CCCA000705CE7 /* Teach SwiftTests */ = {
			isa = PBXGroup;
			children = (
				CB63BE7F2B1CCCA000705CE7 /* Teach_SwiftTests.swift */,
			);
			path = "Teach SwiftTests";
			sourceTree = "<group>";
		};
		CB63BE882B1CCCA100705CE7 /* Teach SwiftUITests */ = {
			isa = PBXGroup;
			children = (
				CB63BE892B1CCCA100705CE7 /* Teach_SwiftUITests.swift */,
				CB63BE8B2B1CCCA100705CE7 /* Teach_SwiftUITestsLaunchTests.swift */,
			);
			path = "Teach SwiftUITests";
			sourceTree = "<group>";
		};
/* End PBXGroup section */

/* Begin PBXNativeTarget section */
		CB63BE642B1CCC9E00705CE7 /* Teach Swift */ = {
			isa = PBXNativeTarget;
			buildConfigurationList = CB63BE8F2B1CCCA100705CE7 /* Build configuration list for PBXNativeTarget "Teach Swift" */;
			buildPhases = (
				CB63BE612B1CCC9E00705CE7 /* Sources */,
				CB63BE622B1CCC9E00705CE7 /* Frameworks */,
				CB63BE632B1CCC9E00705CE7 /* Resources */,
			);
			buildRules = (
			);
			dependencies = (
			);
			name = "Teach Swift";
			productName = "Teach Swift";
			productReference = CB63BE652B1CCC9E00705CE7 /* Teach Swift.app */;
			productType = "com.apple.product-type.application";
		};
		CB63BE7A2B1CCCA000705CE7 /* Teach SwiftTests */ = {
			isa = PBXNativeTarget;
			buildConfigurationList = CB63BE922B1CCCA100705CE7 /* Build configuration list for PBXNativeTarget "Teach SwiftTests" */;
			buildPhases = (
				CB63BE772B1CCCA000705CE7 /* Sources */,
				CB63BE782B1CCCA000705CE7 /* Frameworks */,
				CB63BE792B1CCCA000705CE7 /* Resources */,
			);
			buildRules = (
			);
			dependencies = (
				CB63BE7D2B1CCCA000705CE7 /* PBXTargetDependency */,
			);
			name = "Teach SwiftTests";
			productName = "Teach SwiftTests";
			productReference = CB63BE7B2B1CCCA000705CE7 /* Teach SwiftTests.xctest */;
			productType = "com.apple.product-type.bundle.unit-test";
		};
		CB63BE842B1CCCA100705CE7 /* Teach SwiftUITests */ = {
			isa = PBXNativeTarget;
			buildConfigurationList = CB63BE952B1CCCA100705CE7 /* Build configuration list for PBXNativeTarget "Teach SwiftUITests" */;
			buildPhases = (
				CB63BE812B1CCCA100705CE7 /* Sources */,
				CB63BE822B1CCCA100705CE7 /* Frameworks */,
				CB63BE832B1CCCA100705CE7 /* Resources */,
			);
			buildRules = (
			);
			dependencies = (
				CB63BE872B1CCCA100705CE7 /* PBXTargetDependency */,
			);
			name = "Teach SwiftUITests";
			productName = "Teach SwiftUITests";
			productReference = CB63BE852B1CCCA100705CE7 /* Teach SwiftUITests.xctest */;
			productType = "com.apple.product-type.bundle.ui-testing";
		};
/* End PBXNativeTarget section */

/* Begin PBXProject section */
		CB63BE5D2B1CCC9E00705CE7 /* Project object */ = {
			isa = PBXProject;
			attributes = {
				BuildIndependentTargetsInParallel = 1;
				LastSwiftUpdateCheck = 1500;
				LastUpgradeCheck = 1500;
				TargetAttributes = {
					CB63BE642B1CCC9E00705CE7 = {
						CreatedOnToolsVersion = 15.0;
					};
					CB63BE7A2B1CCCA000705CE7 = {
						CreatedOnToolsVersion = 15.0;
						TestTargetID = CB63BE642B1CCC9E00705CE7;
					};
					CB63BE842B1CCCA100705CE7 = {
						CreatedOnToolsVersion = 15.0;
						TestTargetID = CB63BE642B1CCC9E00705CE7;
					};
				};
			};
			buildConfigurationList = CB63BE602B1CCC9E00705CE7 /* Build configuration list for PBXProject "Teach Swift" */;
			compatibilityVersion = "Xcode 14.0";
			developmentRegion = en;
			hasScannedForEncodings = 0;
			knownRegions = (
				en,
				Base,
			);
			mainGroup = CB63BE5C2B1CCC9E00705CE7;
			productRefGroup = CB63BE662B1CCC9E00705CE7 /* Products */;
			projectDirPath = "";
			projectRoot = "";
			targets = (
				CB63BE642B1CCC9E00705CE7 /* Teach Swift */,
				CB63BE7A2B1CCCA000705CE7 /* Teach SwiftTests */,
				CB63BE842B1CCCA100705CE7 /* Teach SwiftUITests */,
			);
		};
/* End PBXProject section */

/* Begin PBXResourcesBuildPhase section */
		CB63BE632B1CCC9E00705CE7 /* Resources */ = {
			isa = PBXResourcesBuildPhase;
			buildActionMask = 2147483647;
			files = (
				CB63BE752B1CCCA000705CE7 /* LaunchScreen.storyboard in Resources */,
				CB63BE722B1CCCA000705CE7 /* Assets.xcassets in Resources */,
				CB63BE702B1CCC9E00705CE7 /* Main.storyboard in Resources */,
			);
			runOnlyForDeploymentPostprocessing = 0;
		};
		CB63BE792B1CCCA000705CE7 /* Resources */ = {
			isa = PBXResourcesBuildPhase;
			buildActionMask = 2147483647;
			files = (
			);
			runOnlyForDeploymentPostprocessing = 0;
		};
		CB63BE832B1CCCA100705CE7 /* Resources */ = {
			isa = PBXResourcesBuildPhase;
			buildActionMask = 2147483647;
			files = (
			);
			runOnlyForDeploymentPostprocessing = 0;
		};
/* End PBXResourcesBuildPhase section */

/* Begin PBXSourcesBuildPhase section */
		CB63BE612B1CCC9E00705CE7 /* Sources */ = {
			isa = PBXSourcesBuildPhase;
			buildActionMask = 2147483647;
			files = (
				CB63BE6D2B1CCC9E00705CE7 /* ViewController.swift in Sources */,
				CB63BE692B1CCC9E00705CE7 /* AppDelegate.swift in Sources */,
				CB63BE6B2B1CCC9E00705CE7 /* SceneDelegate.swift in Sources */,
			);
			runOnlyForDeploymentPostprocessing = 0;
		};
		CB63BE772B1CCCA000705CE7 /* Sources */ = {
			isa = PBXSourcesBuildPhase;
			buildActionMask = 2147483647;
			files = (
				CB63BE802B1CCCA000705CE7 /* Teach_SwiftTests.swift in Sources */,
			);
			runOnlyForDeploymentPostprocessing = 0;
		};
		CB63BE812B1CCCA100705CE7 /* Sources */ = {
			isa = PBXSourcesBuildPhase;
			buildActionMask = 2147483647;
			files = (
				CB63BE8C2B1CCCA100705CE7 /* Teach_SwiftUITestsLaunchTests.swift in Sources */,
				CB63BE8A2B1CCCA100705CE7 /* Teach_SwiftUITests.swift in Sources */,
			);
			runOnlyForDeploymentPostprocessing = 0;
		};
/* End PBXSourcesBuildPhase section */

/* Begin PBXTargetDependency section */
		CB63BE7D2B1CCCA000705CE7 /* PBXTargetDependency */ = {
			isa = PBXTargetDependency;
			target = CB63BE642B1CCC9E00705CE7 /* Teach Swift */;
			targetProxy = CB63BE7C2B1CCCA000705CE7 /* PBXContainerItemProxy */;
		};
		CB63BE872B1CCCA100705CE7 /* PBXTargetDependency */ = {
			isa = PBXTargetDependency;
			target = CB63BE642B1CCC9E00705CE7 /* Teach Swift */;
			targetProxy = CB63BE862B1CCCA100705CE7 /* PBXContainerItemProxy */;
		};
/* End PBXTargetDependency section */

/* Begin PBXVariantGroup section */
		CB63BE6E2B1CCC9E00705CE7 /* Main.storyboard */ = {
			isa = PBXVariantGroup;
			children = (
				CB63BE6F2B1CCC9E00705CE7 /* Base */,
			);
			name = Main.storyboard;
			sourceTree = "<group>";
		};
		CB63BE732B1CCCA000705CE7 /* LaunchScreen.storyboard */ = {
			isa = PBXVariantGroup;
			children = (
				CB63BE742B1CCCA000705CE7 /* Base */,
			);
			name = LaunchScreen.storyboard;
			sourceTree = "<group>";
		};
/* End PBXVariantGroup section */

/* Begin XCBuildConfiguration section */
		CB63BE8D2B1CCCA100705CE7 /* Debug */ = {
			isa = XCBuildConfiguration;
			buildSettings = {
				ALWAYS_SEARCH_USER_PATHS = NO;
				ASSETCATALOG_COMPILER_GENERATE_SWIFT_ASSET_SYMBOL_EXTENSIONS = YES;
				CLANG_ANALYZER_NONNULL = YES;
				CLANG_ANALYZER_NUMBER_OBJECT_CONVERSION = YES_AGGRESSIVE;
				CLANG_CXX_LANGUAGE_STANDARD = "gnu++20";
				CLANG_ENABLE_MODULES = YES;
				CLANG_ENABLE_OBJC_ARC = YES;
				CLANG_ENABLE_OBJC_WEAK = YES;
				CLANG_WARN_BLOCK_CAPTURE_AUTORELEASING = YES;
				CLANG_WARN_BOOL_CONVERSION = YES;
				CLANG_WARN_COMMA = YES;
				CLANG_WARN_CONSTANT_CONVERSION = YES;
				CLANG_WARN_DEPRECATED_OBJC_IMPLEMENTATIONS = YES;
				CLANG_WARN_DIRECT_OBJC_ISA_USAGE = YES_ERROR;
				CLANG_WARN_DOCUMENTATION_COMMENTS = YES;
				CLANG_WARN_EMPTY_BODY = YES;
				CLANG_WARN_ENUM_CONVERSION = YES;
				CLANG_WARN_INFINITE_RECURSION = YES;
				CLANG_WARN_INT_CONVERSION = YES;
				CLANG_WARN_NON_LITERAL_NULL_CONVERSION = YES;
				CLANG_WARN_OBJC_IMPLICIT_RETAIN_SELF = YES;
				CLANG_WARN_OBJC_LITERAL_CONVERSION = YES;
				CLANG_WARN_OBJC_ROOT_CLASS = YES_ERROR;
				CLANG_WARN_QUOTED_INCLUDE_IN_FRAMEWORK_HEADER = YES;
				CLANG_WARN_RANGE_LOOP_ANALYSIS = YES;
				CLANG_WARN_STRICT_PROTOTYPES = YES;
				CLANG_WARN_SUSPICIOUS_MOVE = YES;
				CLANG_WARN_UNGUARDED_AVAILABILITY = YES_AGGRESSIVE;
				CLANG_WARN_UNREACHABLE_CODE = YES;
				CLANG_WARN__DUPLICATE_METHOD_MATCH = YES;
				COPY_PHASE_STRIP = NO;
				DEBUG_INFORMATION_FORMAT = dwarf;
				ENABLE_STRICT_OBJC_MSGSEND = YES;
				ENABLE_TESTABILITY = YES;
				ENABLE_USER_SCRIPT_SANDBOXING = YES;
				GCC_C_LANGUAGE_STANDARD = gnu17;
				GCC_DYNAMIC_NO_PIC = NO;
				GCC_NO_COMMON_BLOCKS = YES;
				GCC_OPTIMIZATION_LEVEL = 0;
				GCC_PREPROCESSOR_DEFINITIONS = (
					"DEBUG=1",
					"$(inherited)",
				);
				GCC_WARN_64_TO_32_BIT_CONVERSION = YES;
				GCC_WARN_ABOUT_RETURN_TYPE = YES_ERROR;
				GCC_WARN_UNDECLARED_SELECTOR = YES;
				GCC_WARN_UNINITIALIZED_AUTOS = YES_AGGRESSIVE;
				GCC_WARN_UNUSED_FUNCTION = YES;
				GCC_WARN_UNUSED_VARIABLE = YES;
				IPHONEOS_DEPLOYMENT_TARGET = 17.0;
				LOCALIZATION_PREFERS_STRING_CATALOGS = YES;
				MTL_ENABLE_DEBUG_INFO = INCLUDE_SOURCE;
				MTL_FAST_MATH = YES;
				ONLY_ACTIVE_ARCH = YES;
				SDKROOT = iphoneos;
				SWIFT_ACTIVE_COMPILATION_CONDITIONS = "DEBUG $(inherited)";
				SWIFT_OPTIMIZATION_LEVEL = "-Onone";
			};
			name = Debug;
		};
		CB63BE8E2B1CCCA100705CE7 /* Release */ = {
			isa = XCBuildConfiguration;
			buildSettings = {
				ALWAYS_SEARCH_USER_PATHS = NO;
				ASSETCATALOG_COMPILER_GENERATE_SWIFT_ASSET_SYMBOL_EXTENSIONS = YES;
				CLANG_ANALYZER_NONNULL = YES;
				CLANG_ANALYZER_NUMBER_OBJECT_CONVERSION = YES_AGGRESSIVE;
				CLANG_CXX_LANGUAGE_STANDARD = "gnu++20";
				CLANG_ENABLE_MODULES = YES;
				CLANG_ENABLE_OBJC_ARC = YES;
				CLANG_ENABLE_OBJC_WEAK = YES;
				CLANG_WARN_BLOCK_CAPTURE_AUTORELEASING = YES;
				CLANG_WARN_BOOL_CONVERSION = YES;
				CLANG_WARN_COMMA = YES;
				CLANG_WARN_CONSTANT_CONVERSION = YES;
				CLANG_WARN_DEPRECATED_OBJC_IMPLEMENTATIONS = YES;
				CLANG_WARN_DIRECT_OBJC_ISA_USAGE = YES_ERROR;
				CLANG_WARN_DOCUMENTATION_COMMENTS = YES;
				CLANG_WARN_EMPTY_BODY = YES;
				CLANG_WARN_ENUM_CONVERSION = YES;
				CLANG_WARN_INFINITE_RECURSION = YES;
				CLANG_WARN_INT_CONVERSION = YES;
				CLANG_WARN_NON_LITERAL_NULL_CONVERSION = YES;
				CLANG_WARN_OBJC_IMPLICIT_RETAIN_SELF = YES;
				CLANG_WARN_OBJC_LITERAL_CONVERSION = YES;
				CLANG_WARN_OBJC_ROOT_CLASS = YES_ERROR;
				CLANG_WARN_QUOTED_INCLUDE_IN_FRAMEWORK_HEADER = YES;
				CLANG_WARN_RANGE_LOOP_ANALYSIS = YES;
				CLANG_WARN_STRICT_PROTOTYPES = YES;
				CLANG_WARN_SUSPICIOUS_MOVE = YES;
				CLANG_WARN_UNGUARDED_AVAILABILITY = YES_AGGRESSIVE;
				CLANG_WARN_UNREACHABLE_CODE = YES;
				CLANG_WARN__DUPLICATE_METHOD_MATCH = YES;
				COPY_PHASE_STRIP = NO;
				DEBUG_INFORMATION_FORMAT = "dwarf-with-dsym";
				ENABLE_NS_ASSERTIONS = NO;
				ENABLE_STRICT_OBJC_MSGSEND = YES;
				ENABLE_USER_SCRIPT_SANDBOXING = YES;
				GCC_C_LANGUAGE_STANDARD = gnu17;
				GCC_NO_COMMON_BLOCKS = YES;
				GCC_WARN_64_TO_32_BIT_CONVERSION = YES;
				GCC_WARN_ABOUT_RETURN_TYPE = YES_ERROR;
				GCC_WARN_UNDECLARED_SELECTOR = YES;
				GCC_WARN_UNINITIALIZED_AUTOS = YES_AGGRESSIVE;
				GCC_WARN_UNUSED_FUNCTION = YES;
				GCC_WARN_UNUSED_VARIABLE = YES;
				IPHONEOS_DEPLOYMENT_TARGET = 17.0;
				LOCALIZATION_PREFERS_STRING_CATALOGS = YES;
				MTL_ENABLE_DEBUG_INFO = NO;
				MTL_FAST_MATH = YES;
				SDKROOT = iphoneos;
				SWIFT_COMPILATION_MODE = wholemodule;
				VALIDATE_PRODUCT = YES;
			};
			name = Release;
		};
		CB63BE902B1CCCA100705CE7 /* Debug */ = {
			isa = XCBuildConfiguration;
			buildSettings = {
				ASSETCATALOG_COMPILER_APPICON_NAME = AppIcon;
				ASSETCATALOG_COMPILER_GLOBAL_ACCENT_COLOR_NAME = AccentColor;
				CODE_SIGN_STYLE = Automatic;
				CURRENT_PROJECT_VERSION = 1;
				DEVELOPMENT_TEAM = 2UW6JF6J7M;
				GENERATE_INFOPLIST_FILE = YES;
				INFOPLIST_FILE = "Teach Swift/Info.plist";
				INFOPLIST_KEY_UIApplicationSupportsIndirectInputEvents = YES;
				INFOPLIST_KEY_UILaunchStoryboardName = LaunchScreen;
				INFOPLIST_KEY_UIMainStoryboardFile = Main;
				INFOPLIST_KEY_UISupportedInterfaceOrientations_iPad = "UIInterfaceOrientationPortrait UIInterfaceOrientationPortraitUpsideDown UIInterfaceOrientationLandscapeLeft UIInterfaceOrientationLandscapeRight";
				INFOPLIST_KEY_UISupportedInterfaceOrientations_iPhone = "UIInterfaceOrientationPortrait UIInterfaceOrientationLandscapeLeft UIInterfaceOrientationLandscapeRight";
				LD_RUNPATH_SEARCH_PATHS = (
					"$(inherited)",
					"@executable_path/Frameworks",
				);
				MARKETING_VERSION = 1.0;
				PRODUCT_BUNDLE_IDENTIFIER = "com.drtruong.Teach-Swift";
				PRODUCT_NAME = "$(TARGET_NAME)";
				SWIFT_EMIT_LOC_STRINGS = YES;
				SWIFT_VERSION = 5.0;
				TARGETED_DEVICE_FAMILY = "1,2";
			};
			name = Debug;
		};
		CB63BE912B1CCCA100705CE7 /* Release */ = {
			isa = XCBuildConfiguration;
			buildSettings = {
				ASSETCATALOG_COMPILER_APPICON_NAME = AppIcon;
				ASSETCATALOG_COMPILER_GLOBAL_ACCENT_COLOR_NAME = AccentColor;
				CODE_SIGN_STYLE = Automatic;
				CURRENT_PROJECT_VERSION = 1;
				DEVELOPMENT_TEAM = 2UW6JF6J7M;
				GENERATE_INFOPLIST_FILE = YES;
				INFOPLIST_FILE = "Teach Swift/Info.plist";
				INFOPLIST_KEY_UIApplicationSupportsIndirectInputEvents = YES;
				INFOPLIST_KEY_UILaunchStoryboardName = LaunchScreen;
				INFOPLIST_KEY_UIMainStoryboardFile = Main;
				INFOPLIST_KEY_UISupportedInterfaceOrientations_iPad = "UIInterfaceOrientationPortrait UIInterfaceOrientationPortraitUpsideDown UIInterfaceOrientationLandscapeLeft UIInterfaceOrientationLandscapeRight";
				INFOPLIST_KEY_UISupportedInterfaceOrientations_iPhone = "UIInterfaceOrientationPortrait UIInterfaceOrientationLandscapeLeft UIInterfaceOrientationLandscapeRight";
				LD_RUNPATH_SEARCH_PATHS = (
					"$(inherited)",
					"@executable_path/Frameworks",
				);
				MARKETING_VERSION = 1.0;
				PRODUCT_BUNDLE_IDENTIFIER = "com.drtruong.Teach-Swift";
				PRODUCT_NAME = "$(TARGET_NAME)";
				SWIFT_EMIT_LOC_STRINGS = YES;
				SWIFT_VERSION = 5.0;
				TARGETED_DEVICE_FAMILY = "1,2";
			};
			name = Release;
		};
		CB63BE932B1CCCA100705CE7 /* Debug */ = {
			isa = XCBuildConfiguration;
			buildSettings = {
				ALWAYS_EMBED_SWIFT_STANDARD_LIBRARIES = YES;
				BUNDLE_LOADER = "$(TEST_HOST)";
				CODE_SIGN_STYLE = Automatic;
				CURRENT_PROJECT_VERSION = 1;
				DEVELOPMENT_TEAM = 2UW6JF6J7M;
				GENERATE_INFOPLIST_FILE = YES;
				IPHONEOS_DEPLOYMENT_TARGET = 17.0;
				MARKETING_VERSION = 1.0;
				PRODUCT_BUNDLE_IDENTIFIER = "com.drtruong.Teach-SwiftTests";
				PRODUCT_NAME = "$(TARGET_NAME)";
				SWIFT_EMIT_LOC_STRINGS = NO;
				SWIFT_VERSION = 5.0;
				TARGETED_DEVICE_FAMILY = "1,2";
				TEST_HOST = "$(BUILT_PRODUCTS_DIR)/Teach Swift.app/$(BUNDLE_EXECUTABLE_FOLDER_PATH)/Teach Swift";
			};
			name = Debug;
		};
		CB63BE942B1CCCA100705CE7 /* Release */ = {
			isa = XCBuildConfiguration;
			buildSettings = {
				ALWAYS_EMBED_SWIFT_STANDARD_LIBRARIES = YES;
				BUNDLE_LOADER = "$(TEST_HOST)";
				CODE_SIGN_STYLE = Automatic;
				CURRENT_PROJECT_VERSION = 1;
				DEVELOPMENT_TEAM = 2UW6JF6J7M;
				GENERATE_INFOPLIST_FILE = YES;
				IPHONEOS_DEPLOYMENT_TARGET = 17.0;
				MARKETING_VERSION = 1.0;
				PRODUCT_BUNDLE_IDENTIFIER = "com.drtruong.Teach-SwiftTests";
				PRODUCT_NAME = "$(TARGET_NAME)";
				SWIFT_EMIT_LOC_STRINGS = NO;
				SWIFT_VERSION = 5.0;
				TARGETED_DEVICE_FAMILY = "1,2";
				TEST_HOST = "$(BUILT_PRODUCTS_DIR)/Teach Swift.app/$(BUNDLE_EXECUTABLE_FOLDER_PATH)/Teach Swift";
			};
			name = Release;
		};
		CB63BE962B1CCCA100705CE7 /* Debug */ = {
			isa = XCBuildConfiguration;
			buildSettings = {
				ALWAYS_EMBED_SWIFT_STANDARD_LIBRARIES = YES;
				CODE_SIGN_STYLE = Automatic;
				CURRENT_PROJECT_VERSION = 1;
				DEVELOPMENT_TEAM = 2UW6JF6J7M;
				GENERATE_INFOPLIST_FILE = YES;
				MARKETING_VERSION = 1.0;
				PRODUCT_BUNDLE_IDENTIFIER = "com.drtruong.Teach-SwiftUITests";
				PRODUCT_NAME = "$(TARGET_NAME)";
				SWIFT_EMIT_LOC_STRINGS = NO;
				SWIFT_VERSION = 5.0;
				TARGETED_DEVICE_FAMILY = "1,2";
				TEST_TARGET_NAME = "Teach Swift";
			};
			name = Debug;
		};
		CB63BE972B1CCCA100705CE7 /* Release */ = {
			isa = XCBuildConfiguration;
			buildSettings = {
				ALWAYS_EMBED_SWIFT_STANDARD_LIBRARIES = YES;
				CODE_SIGN_STYLE = Automatic;
				CURRENT_PROJECT_VERSION = 1;
				DEVELOPMENT_TEAM = 2UW6JF6J7M;
				GENERATE_INFOPLIST_FILE = YES;
				MARKETING_VERSION = 1.0;
				PRODUCT_BUNDLE_IDENTIFIER = "com.drtruong.Teach-SwiftUITests";
				PRODUCT_NAME = "$(TARGET_NAME)";
				SWIFT_EMIT_LOC_STRINGS = NO;
				SWIFT_VERSION = 5.0;
				TARGETED_DEVICE_FAMILY = "1,2";
				TEST_TARGET_NAME = "Teach Swift";
			};
			name = Release;
		};
/* End XCBuildConfiguration section */

/* Begin XCConfigurationList section */
		CB63BE602B1CCC9E00705CE7 /* Build configuration list for PBXProject "Teach Swift" */ = {
			isa = XCConfigurationList;
			buildConfigurations = (
				CB63BE8D2B1CCCA100705CE7 /* Debug */,
				CB63BE8E2B1CCCA100705CE7 /* Release */,
			);
			defaultConfigurationIsVisible = 0;
			defaultConfigurationName = Release;
		};
		CB63BE8F2B1CCCA100705CE7 /* Build configuration list for PBXNativeTarget "Teach Swift" */ = {
			isa = XCConfigurationList;
			buildConfigurations = (
				CB63BE902B1CCCA100705CE7 /* Debug */,
				CB63BE912B1CCCA100705CE7 /* Release */,
			);
			defaultConfigurationIsVisible = 0;
			defaultConfigurationName = Release;
		};
		CB63BE922B1CCCA100705CE7 /* Build configuration list for PBXNativeTarget "Teach SwiftTests" */ = {
			isa = XCConfigurationList;
			buildConfigurations = (
				CB63BE932B1CCCA100705CE7 /* Debug */,
				CB63BE942B1CCCA100705CE7 /* Release */,
			);
			defaultConfigurationIsVisible = 0;
			defaultConfigurationName = Release;
		};
		CB63BE952B1CCCA100705CE7 /* Build configuration list for PBXNativeTarget "Teach SwiftUITests" */ = {
			isa = XCConfigurationList;
			buildConfigurations = (
				CB63BE962B1CCCA100705CE7 /* Debug */,
				CB63BE972B1CCCA100705CE7 /* Release */,
			);
			defaultConfigurationIsVisible = 0;
			defaultConfigurationName = Release;
		};
/* End XCConfigurationList section */
	};
	rootObject = CB63BE5D2B1CCC9E00705CE7 /* Project object */;
}
